// !$*UTF8*$!
{
	archiveVersion = 1;
	classes = {
	};
	objectVersion = 50;
	objects = {

/* Begin PBXBuildFile section */
		DD017445253FDD980077F279 /* getSlides.swift in Sources */ = {isa = PBXBuildFile; fileRef = DD017444253FDD980077F279 /* getSlides.swift */; };
		DD05CDFC252ABECF0036241D /* HomeList.swift in Sources */ = {isa = PBXBuildFile; fileRef = DD05CDFB252ABECF0036241D /* HomeList.swift */; };
		DD077B902530D160008BC1FB /* ImageLoader.swift in Sources */ = {isa = PBXBuildFile; fileRef = DD077B8F2530D160008BC1FB /* ImageLoader.swift */; };
		DD077B942530D18A008BC1FB /* URLImage.swift in Sources */ = {isa = PBXBuildFile; fileRef = DD077B932530D18A008BC1FB /* URLImage.swift */; };
		DD077BA52533EF61008BC1FB /* ProductModel.swift in Sources */ = {isa = PBXBuildFile; fileRef = DD077BA42533EF61008BC1FB /* ProductModel.swift */; };
		DD1A122A253F5E3F008B1149 /* GlobalInfo.swift in Sources */ = {isa = PBXBuildFile; fileRef = DD1A1229253F5E3F008B1149 /* GlobalInfo.swift */; };
		DD1A122E253F77F6008B1149 /* ProductDetailView2.swift in Sources */ = {isa = PBXBuildFile; fileRef = DD1A122D253F77F6008B1149 /* ProductDetailView2.swift */; };
		DD1A1231253F79FA008B1149 /* ProductOverview.swift in Sources */ = {isa = PBXBuildFile; fileRef = DD1A1230253F79FA008B1149 /* ProductOverview.swift */; };
		DD2C5B1C252EA3610071C05D /* ActivityIndicator.swift in Sources */ = {isa = PBXBuildFile; fileRef = DD2C5B1B252EA3610071C05D /* ActivityIndicator.swift */; };
		DD386CC32527FAD200384EAE /* Menu.swift in Sources */ = {isa = PBXBuildFile; fileRef = DD386CC22527FAD200384EAE /* Menu.swift */; };
		DD386CD225280D5D00384EAE /* CustomCorner.swift in Sources */ = {isa = PBXBuildFile; fileRef = DD386CD125280D5C00384EAE /* CustomCorner.swift */; };
		DD39453B253BFB93003C00DC /* ProductView.swift in Sources */ = {isa = PBXBuildFile; fileRef = DD39453A253BFB93003C00DC /* ProductView.swift */; };
		DD394546253C01F5003C00DC /* ProductDetailView.swift in Sources */ = {isa = PBXBuildFile; fileRef = DD394545253C01F5003C00DC /* ProductDetailView.swift */; };
		DD50C9E925428D4B003BEBD0 /* SlidersList.swift in Sources */ = {isa = PBXBuildFile; fileRef = DD50C9E825428D4B003BEBD0 /* SlidersList.swift */; };
		DD51264F2529305E0056B4C2 /* Banner.swift in Sources */ = {isa = PBXBuildFile; fileRef = DD51264E2529305E0056B4C2 /* Banner.swift */; };
		DD56B79925200954002F182A /* PasswordRecovery.swift in Sources */ = {isa = PBXBuildFile; fileRef = DD56B79825200954002F182A /* PasswordRecovery.swift */; };
		DD56B79C2520327D002F182A /* NuevoUsuario.swift in Sources */ = {isa = PBXBuildFile; fileRef = DD56B79B2520327D002F182A /* NuevoUsuario.swift */; };
		DD71040D2523E05100FA673A /* Temporal.swift in Sources */ = {isa = PBXBuildFile; fileRef = DD71040C2523E05100FA673A /* Temporal.swift */; };
		DD77787D254515310006A6CE /* getInfoWS.swift in Sources */ = {isa = PBXBuildFile; fileRef = DD77787C254515310006A6CE /* getInfoWS.swift */; };
		DD777880254522970006A6CE /* ProductList.swift in Sources */ = {isa = PBXBuildFile; fileRef = DD77787F254522970006A6CE /* ProductList.swift */; };
		DD82234D251AD56A0057D7D3 /* AppDelegate.swift in Sources */ = {isa = PBXBuildFile; fileRef = DD82234C251AD56A0057D7D3 /* AppDelegate.swift */; };
		DD82234F251AD56A0057D7D3 /* SceneDelegate.swift in Sources */ = {isa = PBXBuildFile; fileRef = DD82234E251AD56A0057D7D3 /* SceneDelegate.swift */; };
		DD822351251AD56A0057D7D3 /* ContentView.swift in Sources */ = {isa = PBXBuildFile; fileRef = DD822350251AD56A0057D7D3 /* ContentView.swift */; };
		DD822353251AD56D0057D7D3 /* Assets.xcassets in Resources */ = {isa = PBXBuildFile; fileRef = DD822352251AD56D0057D7D3 /* Assets.xcassets */; };
		DD822356251AD56D0057D7D3 /* Preview Assets.xcassets in Resources */ = {isa = PBXBuildFile; fileRef = DD822355251AD56D0057D7D3 /* Preview Assets.xcassets */; };
		DD822359251AD56D0057D7D3 /* LaunchScreen.storyboard in Resources */ = {isa = PBXBuildFile; fileRef = DD822357251AD56D0057D7D3 /* LaunchScreen.storyboard */; };
		DDF7F4D72544B1C100BB9338 /* LogOutView.swift in Sources */ = {isa = PBXBuildFile; fileRef = DDF7F4D62544B1C100BB9338 /* LogOutView.swift */; };
		DDFADF0A2522D39400D2DBAD /* NetworkingService.swift in Sources */ = {isa = PBXBuildFile; fileRef = DDFADF092522D39400D2DBAD /* NetworkingService.swift */; };
		DDFADF0E2522D3F500D2DBAD /* nUsuarioResponse.swift in Sources */ = {isa = PBXBuildFile; fileRef = DDFADF0D2522D3F500D2DBAD /* nUsuarioResponse.swift */; };
		DDFADF112522D42400D2DBAD /* nUsuarioErrorResponse.swift in Sources */ = {isa = PBXBuildFile; fileRef = DDFADF102522D42400D2DBAD /* nUsuarioErrorResponse.swift */; };
/* End PBXBuildFile section */

/* Begin PBXFileReference section */
		DD017444253FDD980077F279 /* getSlides.swift */ = {isa = PBXFileReference; lastKnownFileType = sourcecode.swift; path = getSlides.swift; sourceTree = "<group>"; };
		DD05CDFB252ABECF0036241D /* HomeList.swift */ = {isa = PBXFileReference; lastKnownFileType = sourcecode.swift; path = HomeList.swift; sourceTree = "<group>"; };
		DD077B8F2530D160008BC1FB /* ImageLoader.swift */ = {isa = PBXFileReference; lastKnownFileType = sourcecode.swift; path = ImageLoader.swift; sourceTree = "<group>"; };
		DD077B932530D18A008BC1FB /* URLImage.swift */ = {isa = PBXFileReference; lastKnownFileType = sourcecode.swift; path = URLImage.swift; sourceTree = "<group>"; };
		DD077BA42533EF61008BC1FB /* ProductModel.swift */ = {isa = PBXFileReference; lastKnownFileType = sourcecode.swift; path = ProductModel.swift; sourceTree = "<group>"; };
		DD1A1229253F5E3F008B1149 /* GlobalInfo.swift */ = {isa = PBXFileReference; lastKnownFileType = sourcecode.swift; path = GlobalInfo.swift; sourceTree = "<group>"; };
		DD1A122D253F77F6008B1149 /* ProductDetailView2.swift */ = {isa = PBXFileReference; lastKnownFileType = sourcecode.swift; path = ProductDetailView2.swift; sourceTree = "<group>"; };
		DD1A1230253F79FA008B1149 /* ProductOverview.swift */ = {isa = PBXFileReference; lastKnownFileType = sourcecode.swift; path = ProductOverview.swift; sourceTree = "<group>"; };
		DD2C5B1B252EA3610071C05D /* ActivityIndicator.swift */ = {isa = PBXFileReference; lastKnownFileType = sourcecode.swift; path = ActivityIndicator.swift; sourceTree = "<group>"; };
		DD386CC22527FAD200384EAE /* Menu.swift */ = {isa = PBXFileReference; lastKnownFileType = sourcecode.swift; path = Menu.swift; sourceTree = "<group>"; };
		DD386CD125280D5C00384EAE /* CustomCorner.swift */ = {isa = PBXFileReference; lastKnownFileType = sourcecode.swift; path = CustomCorner.swift; sourceTree = "<group>"; };
		DD39453A253BFB93003C00DC /* ProductView.swift */ = {isa = PBXFileReference; lastKnownFileType = sourcecode.swift; path = ProductView.swift; sourceTree = "<group>"; };
		DD394545253C01F5003C00DC /* ProductDetailView.swift */ = {isa = PBXFileReference; lastKnownFileType = sourcecode.swift; path = ProductDetailView.swift; sourceTree = "<group>"; };
		DD50C9E825428D4B003BEBD0 /* SlidersList.swift */ = {isa = PBXFileReference; lastKnownFileType = sourcecode.swift; path = SlidersList.swift; sourceTree = "<group>"; };
		DD51264E2529305E0056B4C2 /* Banner.swift */ = {isa = PBXFileReference; lastKnownFileType = sourcecode.swift; path = Banner.swift; sourceTree = "<group>"; };
		DD56B79825200954002F182A /* PasswordRecovery.swift */ = {isa = PBXFileReference; lastKnownFileType = sourcecode.swift; path = PasswordRecovery.swift; sourceTree = "<group>"; };
		DD56B79B2520327D002F182A /* NuevoUsuario.swift */ = {isa = PBXFileReference; lastKnownFileType = sourcecode.swift; path = NuevoUsuario.swift; sourceTree = "<group>"; };
		DD71040C2523E05100FA673A /* Temporal.swift */ = {isa = PBXFileReference; lastKnownFileType = sourcecode.swift; path = Temporal.swift; sourceTree = "<group>"; };
		DD77787C254515310006A6CE /* getInfoWS.swift */ = {isa = PBXFileReference; lastKnownFileType = sourcecode.swift; path = getInfoWS.swift; sourceTree = "<group>"; };
		DD77787F254522970006A6CE /* ProductList.swift */ = {isa = PBXFileReference; lastKnownFileType = sourcecode.swift; path = ProductList.swift; sourceTree = "<group>"; };
		DD822349251AD56A0057D7D3 /* OrandaStore.app */ = {isa = PBXFileReference; explicitFileType = wrapper.application; includeInIndex = 0; path = OrandaStore.app; sourceTree = BUILT_PRODUCTS_DIR; };
		DD82234C251AD56A0057D7D3 /* AppDelegate.swift */ = {isa = PBXFileReference; lastKnownFileType = sourcecode.swift; path = AppDelegate.swift; sourceTree = "<group>"; };
		DD82234E251AD56A0057D7D3 /* SceneDelegate.swift */ = {isa = PBXFileReference; lastKnownFileType = sourcecode.swift; path = SceneDelegate.swift; sourceTree = "<group>"; };
		DD822350251AD56A0057D7D3 /* ContentView.swift */ = {isa = PBXFileReference; lastKnownFileType = sourcecode.swift; path = ContentView.swift; sourceTree = "<group>"; };
		DD822352251AD56D0057D7D3 /* Assets.xcassets */ = {isa = PBXFileReference; lastKnownFileType = folder.assetcatalog; path = Assets.xcassets; sourceTree = "<group>"; };
		DD822355251AD56D0057D7D3 /* Preview Assets.xcassets */ = {isa = PBXFileReference; lastKnownFileType = folder.assetcatalog; path = "Preview Assets.xcassets"; sourceTree = "<group>"; };
		DD822358251AD56D0057D7D3 /* Base */ = {isa = PBXFileReference; lastKnownFileType = file.storyboard; name = Base; path = Base.lproj/LaunchScreen.storyboard; sourceTree = "<group>"; };
		DD82235A251AD56D0057D7D3 /* Info.plist */ = {isa = PBXFileReference; lastKnownFileType = text.plist.xml; path = Info.plist; sourceTree = "<group>"; };
		DDF7F4D62544B1C100BB9338 /* LogOutView.swift */ = {isa = PBXFileReference; lastKnownFileType = sourcecode.swift; path = LogOutView.swift; sourceTree = "<group>"; };
		DDFADF092522D39400D2DBAD /* NetworkingService.swift */ = {isa = PBXFileReference; lastKnownFileType = sourcecode.swift; path = NetworkingService.swift; sourceTree = "<group>"; };
		DDFADF0D2522D3F500D2DBAD /* nUsuarioResponse.swift */ = {isa = PBXFileReference; lastKnownFileType = sourcecode.swift; path = nUsuarioResponse.swift; sourceTree = "<group>"; };
		DDFADF102522D42400D2DBAD /* nUsuarioErrorResponse.swift */ = {isa = PBXFileReference; lastKnownFileType = sourcecode.swift; path = nUsuarioErrorResponse.swift; sourceTree = "<group>"; };
/* End PBXFileReference section */

/* Begin PBXFrameworksBuildPhase section */
		DD822346251AD56A0057D7D3 /* Frameworks */ = {
			isa = PBXFrameworksBuildPhase;
			buildActionMask = 2147483647;
			files = (
			);
			runOnlyForDeploymentPostprocessing = 0;
		};
/* End PBXFrameworksBuildPhase section */

/* Begin PBXGroup section */
		DD077B8E2530D152008BC1FB /* Images */ = {
			isa = PBXGroup;
			children = (
				DD077B8F2530D160008BC1FB /* ImageLoader.swift */,
				DD077B932530D18A008BC1FB /* URLImage.swift */,
			);
			path = Images;
			sourceTree = "<group>";
		};
		DD077B9B2532A4CE008BC1FB /* ItemDetail */ = {
			isa = PBXGroup;
			children = (
				DD394545253C01F5003C00DC /* ProductDetailView.swift */,
				DD1A122D253F77F6008B1149 /* ProductDetailView2.swift */,
				DD1A1230253F79FA008B1149 /* ProductOverview.swift */,
			);
			path = ItemDetail;
			sourceTree = "<group>";
		};
		DD386CC7252807C900384EAE /* View */ = {
			isa = PBXGroup;
			children = (
				DD386CD125280D5C00384EAE /* CustomCorner.swift */,
				DD51264E2529305E0056B4C2 /* Banner.swift */,
				DD2C5B1B252EA3610071C05D /* ActivityIndicator.swift */,
				DDF7F4D62544B1C100BB9338 /* LogOutView.swift */,
			);
			path = View;
			sourceTree = "<group>";
		};
		DD386CCC252807F800384EAE /* Model */ = {
			isa = PBXGroup;
			children = (
				DD077BA42533EF61008BC1FB /* ProductModel.swift */,
				DD1A1229253F5E3F008B1149 /* GlobalInfo.swift */,
			);
			path = Model;
			sourceTree = "<group>";
		};
		DD50C9E725428D39003BEBD0 /* ViewModel */ = {
			isa = PBXGroup;
			children = (
				DD50C9E825428D4B003BEBD0 /* SlidersList.swift */,
				DD77787F254522970006A6CE /* ProductList.swift */,
			);
			path = ViewModel;
			sourceTree = "<group>";
		};
		DD822340251AD56A0057D7D3 = {
			isa = PBXGroup;
			children = (
				DD82234B251AD56A0057D7D3 /* OrandaStore */,
				DD82234A251AD56A0057D7D3 /* Products */,
			);
			sourceTree = "<group>";
		};
		DD82234A251AD56A0057D7D3 /* Products */ = {
			isa = PBXGroup;
			children = (
				DD822349251AD56A0057D7D3 /* OrandaStore.app */,
			);
			name = Products;
			sourceTree = "<group>";
		};
		DD82234B251AD56A0057D7D3 /* OrandaStore */ = {
			isa = PBXGroup;
			children = (
				DD50C9E725428D39003BEBD0 /* ViewModel */,
				DD077B9B2532A4CE008BC1FB /* ItemDetail */,
				DD077B8E2530D152008BC1FB /* Images */,
				DD386CCC252807F800384EAE /* Model */,
				DD386CC7252807C900384EAE /* View */,
				DDFADF082522D37F00D2DBAD /* WS */,
				DDFADF022522C92000D2DBAD /* Schema */,
				DD82234C251AD56A0057D7D3 /* AppDelegate.swift */,
				DD386CC22527FAD200384EAE /* Menu.swift */,
				DD82234E251AD56A0057D7D3 /* SceneDelegate.swift */,
				DD822350251AD56A0057D7D3 /* ContentView.swift */,
				DD56B79825200954002F182A /* PasswordRecovery.swift */,
				DD56B79B2520327D002F182A /* NuevoUsuario.swift */,
				DD822352251AD56D0057D7D3 /* Assets.xcassets */,
				DD822357251AD56D0057D7D3 /* LaunchScreen.storyboard */,
				DD82235A251AD56D0057D7D3 /* Info.plist */,
				DD822354251AD56D0057D7D3 /* Preview Content */,
				DD71040C2523E05100FA673A /* Temporal.swift */,
			);
			path = OrandaStore;
			sourceTree = "<group>";
		};
		DD822354251AD56D0057D7D3 /* Preview Content */ = {
			isa = PBXGroup;
			children = (
				DD822355251AD56D0057D7D3 /* Preview Assets.xcassets */,
			);
			path = "Preview Content";
			sourceTree = "<group>";
		};
		DDFADF022522C92000D2DBAD /* Schema */ = {
			isa = PBXGroup;
			children = (
				DD05CDFB252ABECF0036241D /* HomeList.swift */,
				DD39453A253BFB93003C00DC /* ProductView.swift */,
			);
			path = Schema;
			sourceTree = "<group>";
		};
		DDFADF082522D37F00D2DBAD /* WS */ = {
			isa = PBXGroup;
			children = (
				DDFADF092522D39400D2DBAD /* NetworkingService.swift */,
				DDFADF0D2522D3F500D2DBAD /* nUsuarioResponse.swift */,
				DDFADF102522D42400D2DBAD /* nUsuarioErrorResponse.swift */,
				DD017444253FDD980077F279 /* getSlides.swift */,
				DD77787C254515310006A6CE /* getInfoWS.swift */,
			);
			path = WS;
			sourceTree = "<group>";
		};
/* End PBXGroup section */

/* Begin PBXNativeTarget section */
		DD822348251AD56A0057D7D3 /* OrandaStore */ = {
			isa = PBXNativeTarget;
			buildConfigurationList = DD82235D251AD56D0057D7D3 /* Build configuration list for PBXNativeTarget "OrandaStore" */;
			buildPhases = (
				DD822345251AD56A0057D7D3 /* Sources */,
				DD822346251AD56A0057D7D3 /* Frameworks */,
				DD822347251AD56A0057D7D3 /* Resources */,
			);
			buildRules = (
			);
			dependencies = (
			);
			name = OrandaStore;
			productName = OrandaStore;
			productReference = DD822349251AD56A0057D7D3 /* OrandaStore.app */;
			productType = "com.apple.product-type.application";
		};
/* End PBXNativeTarget section */

/* Begin PBXProject section */
		DD822341251AD56A0057D7D3 /* Project object */ = {
			isa = PBXProject;
			attributes = {
				LastSwiftUpdateCheck = 1160;
				LastUpgradeCheck = 1200;
				ORGANIZATIONNAME = "Emilio Castro";
				TargetAttributes = {
					DD822348251AD56A0057D7D3 = {
						CreatedOnToolsVersion = 11.6;
					};
				};
			};
			buildConfigurationList = DD822344251AD56A0057D7D3 /* Build configuration list for PBXProject "OrandaStore" */;
			compatibilityVersion = "Xcode 9.3";
			developmentRegion = en;
			hasScannedForEncodings = 0;
			knownRegions = (
				en,
				Base,
			);
			mainGroup = DD822340251AD56A0057D7D3;
			productRefGroup = DD82234A251AD56A0057D7D3 /* Products */;
			projectDirPath = "";
			projectRoot = "";
			targets = (
				DD822348251AD56A0057D7D3 /* OrandaStore */,
			);
		};
/* End PBXProject section */

/* Begin PBXResourcesBuildPhase section */
		DD822347251AD56A0057D7D3 /* Resources */ = {
			isa = PBXResourcesBuildPhase;
			buildActionMask = 2147483647;
			files = (
				DD822359251AD56D0057D7D3 /* LaunchScreen.storyboard in Resources */,
				DD822356251AD56D0057D7D3 /* Preview Assets.xcassets in Resources */,
				DD822353251AD56D0057D7D3 /* Assets.xcassets in Resources */,
			);
			runOnlyForDeploymentPostprocessing = 0;
		};
/* End PBXResourcesBuildPhase section */

/* Begin PBXSourcesBuildPhase section */
		DD822345251AD56A0057D7D3 /* Sources */ = {
			isa = PBXSourcesBuildPhase;
			buildActionMask = 2147483647;
			files = (
				DD1A1231253F79FA008B1149 /* ProductOverview.swift in Sources */,
				DD39453B253BFB93003C00DC /* ProductView.swift in Sources */,
				DD82234D251AD56A0057D7D3 /* AppDelegate.swift in Sources */,
				DD777880254522970006A6CE /* ProductList.swift in Sources */,
				DD82234F251AD56A0057D7D3 /* SceneDelegate.swift in Sources */,
				DD017445253FDD980077F279 /* getSlides.swift in Sources */,
				DD2C5B1C252EA3610071C05D /* ActivityIndicator.swift in Sources */,
				DD50C9E925428D4B003BEBD0 /* SlidersList.swift in Sources */,
				DD1A122A253F5E3F008B1149 /* GlobalInfo.swift in Sources */,
				DD386CD225280D5D00384EAE /* CustomCorner.swift in Sources */,
				DD822351251AD56A0057D7D3 /* ContentView.swift in Sources */,
				DD077BA52533EF61008BC1FB /* ProductModel.swift in Sources */,
				DD56B79C2520327D002F182A /* NuevoUsuario.swift in Sources */,
				DD05CDFC252ABECF0036241D /* HomeList.swift in Sources */,
				DD386CC32527FAD200384EAE /* Menu.swift in Sources */,
				DD71040D2523E05100FA673A /* Temporal.swift in Sources */,
				DD077B902530D160008BC1FB /* ImageLoader.swift in Sources */,
				DD1A122E253F77F6008B1149 /* ProductDetailView2.swift in Sources */,
				DDF7F4D72544B1C100BB9338 /* LogOutView.swift in Sources */,
				DD77787D254515310006A6CE /* getInfoWS.swift in Sources */,
				DDFADF0A2522D39400D2DBAD /* NetworkingService.swift in Sources */,
				DDFADF112522D42400D2DBAD /* nUsuarioErrorResponse.swift in Sources */,
				DD51264F2529305E0056B4C2 /* Banner.swift in Sources */,
				DDFADF0E2522D3F500D2DBAD /* nUsuarioResponse.swift in Sources */,
				DD394546253C01F5003C00DC /* ProductDetailView.swift in Sources */,
				DD56B79925200954002F182A /* PasswordRecovery.swift in Sources */,
				DD077B942530D18A008BC1FB /* URLImage.swift in Sources */,
			);
			runOnlyForDeploymentPostprocessing = 0;
		};
/* End PBXSourcesBuildPhase section */

/* Begin PBXVariantGroup section */
		DD822357251AD56D0057D7D3 /* LaunchScreen.storyboard */ = {
			isa = PBXVariantGroup;
			children = (
				DD822358251AD56D0057D7D3 /* Base */,
			);
			name = LaunchScreen.storyboard;
			sourceTree = "<group>";
		};
/* End PBXVariantGroup section */

/* Begin XCBuildConfiguration section */
		DD82235B251AD56D0057D7D3 /* Debug */ = {
			isa = XCBuildConfiguration;
			buildSettings = {
				ALWAYS_SEARCH_USER_PATHS = NO;
				CLANG_ANALYZER_NONNULL = YES;
				CLANG_ANALYZER_NUMBER_OBJECT_CONVERSION = YES_AGGRESSIVE;
				CLANG_CXX_LANGUAGE_STANDARD = "gnu++14";
				CLANG_CXX_LIBRARY = "libc++";
				CLANG_ENABLE_MODULES = YES;
				CLANG_ENABLE_OBJC_ARC = YES;
				CLANG_ENABLE_OBJC_WEAK = YES;
				CLANG_WARN_BLOCK_CAPTURE_AUTORELEASING = YES;
				CLANG_WARN_BOOL_CONVERSION = YES;
				CLANG_WARN_COMMA = YES;
				CLANG_WARN_CONSTANT_CONVERSION = YES;
				CLANG_WARN_DEPRECATED_OBJC_IMPLEMENTATIONS = YES;
				CLANG_WARN_DIRECT_OBJC_ISA_USAGE = YES_ERROR;
				CLANG_WARN_DOCUMENTATION_COMMENTS = YES;
				CLANG_WARN_EMPTY_BODY = YES;
				CLANG_WARN_ENUM_CONVERSION = YES;
				CLANG_WARN_INFINITE_RECURSION = YES;
				CLANG_WARN_INT_CONVERSION = YES;
				CLANG_WARN_NON_LITERAL_NULL_CONVERSION = YES;
				CLANG_WARN_OBJC_IMPLICIT_RETAIN_SELF = YES;
				CLANG_WARN_OBJC_LITERAL_CONVERSION = YES;
				CLANG_WARN_OBJC_ROOT_CLASS = YES_ERROR;
				CLANG_WARN_QUOTED_INCLUDE_IN_FRAMEWORK_HEADER = YES;
				CLANG_WARN_RANGE_LOOP_ANALYSIS = YES;
				CLANG_WARN_STRICT_PROTOTYPES = YES;
				CLANG_WARN_SUSPICIOUS_MOVE = YES;
				CLANG_WARN_UNGUARDED_AVAILABILITY = YES_AGGRESSIVE;
				CLANG_WARN_UNREACHABLE_CODE = YES;
				CLANG_WARN__DUPLICATE_METHOD_MATCH = YES;
				COPY_PHASE_STRIP = NO;
				DEBUG_INFORMATION_FORMAT = dwarf;
				ENABLE_STRICT_OBJC_MSGSEND = YES;
				ENABLE_TESTABILITY = YES;
				GCC_C_LANGUAGE_STANDARD = gnu11;
				GCC_DYNAMIC_NO_PIC = NO;
				GCC_NO_COMMON_BLOCKS = YES;
				GCC_OPTIMIZATION_LEVEL = 0;
				GCC_PREPROCESSOR_DEFINITIONS = (
					"DEBUG=1",
					"$(inherited)",
				);
				GCC_WARN_64_TO_32_BIT_CONVERSION = YES;
				GCC_WARN_ABOUT_RETURN_TYPE = YES_ERROR;
				GCC_WARN_UNDECLARED_SELECTOR = YES;
				GCC_WARN_UNINITIALIZED_AUTOS = YES_AGGRESSIVE;
				GCC_WARN_UNUSED_FUNCTION = YES;
				GCC_WARN_UNUSED_VARIABLE = YES;
				IPHONEOS_DEPLOYMENT_TARGET = 14.0;
				MTL_ENABLE_DEBUG_INFO = INCLUDE_SOURCE;
				MTL_FAST_MATH = YES;
				ONLY_ACTIVE_ARCH = YES;
				SDKROOT = iphoneos;
				SWIFT_ACTIVE_COMPILATION_CONDITIONS = DEBUG;
				SWIFT_OPTIMIZATION_LEVEL = "-Onone";
			};
			name = Debug;
		};
		DD82235C251AD56D0057D7D3 /* Release */ = {
			isa = XCBuildConfiguration;
			buildSettings = {
				ALWAYS_SEARCH_USER_PATHS = NO;
				CLANG_ANALYZER_NONNULL = YES;
				CLANG_ANALYZER_NUMBER_OBJECT_CONVERSION = YES_AGGRESSIVE;
				CLANG_CXX_LANGUAGE_STANDARD = "gnu++14";
				CLANG_CXX_LIBRARY = "libc++";
				CLANG_ENABLE_MODULES = YES;
				CLANG_ENABLE_OBJC_ARC = YES;
				CLANG_ENABLE_OBJC_WEAK = YES;
				CLANG_WARN_BLOCK_CAPTURE_AUTORELEASING = YES;
				CLANG_WARN_BOOL_CONVERSION = YES;
				CLANG_WARN_COMMA = YES;
				CLANG_WARN_CONSTANT_CONVERSION = YES;
				CLANG_WARN_DEPRECATED_OBJC_IMPLEMENTATIONS = YES;
				CLANG_WARN_DIRECT_OBJC_ISA_USAGE = YES_ERROR;
				CLANG_WARN_DOCUMENTATION_COMMENTS = YES;
				CLANG_WARN_EMPTY_BODY = YES;
				CLANG_WARN_ENUM_CONVERSION = YES;
				CLANG_WARN_INFINITE_RECURSION = YES;
				CLANG_WARN_INT_CONVERSION = YES;
				CLANG_WARN_NON_LITERAL_NULL_CONVERSION = YES;
				CLANG_WARN_OBJC_IMPLICIT_RETAIN_SELF = YES;
				CLANG_WARN_OBJC_LITERAL_CONVERSION = YES;
				CLANG_WARN_OBJC_ROOT_CLASS = YES_ERROR;
				CLANG_WARN_QUOTED_INCLUDE_IN_FRAMEWORK_HEADER = YES;
				CLANG_WARN_RANGE_LOOP_ANALYSIS = YES;
				CLANG_WARN_STRICT_PROTOTYPES = YES;
				CLANG_WARN_SUSPICIOUS_MOVE = YES;
				CLANG_WARN_UNGUARDED_AVAILABILITY = YES_AGGRESSIVE;
				CLANG_WARN_UNREACHABLE_CODE = YES;
				CLANG_WARN__DUPLICATE_METHOD_MATCH = YES;
				COPY_PHASE_STRIP = NO;
				DEBUG_INFORMATION_FORMAT = "dwarf-with-dsym";
				ENABLE_NS_ASSERTIONS = NO;
				ENABLE_STRICT_OBJC_MSGSEND = YES;
				GCC_C_LANGUAGE_STANDARD = gnu11;
				GCC_NO_COMMON_BLOCKS = YES;
				GCC_WARN_64_TO_32_BIT_CONVERSION = YES;
				GCC_WARN_ABOUT_RETURN_TYPE = YES_ERROR;
				GCC_WARN_UNDECLARED_SELECTOR = YES;
				GCC_WARN_UNINITIALIZED_AUTOS = YES_AGGRESSIVE;
				GCC_WARN_UNUSED_FUNCTION = YES;
				GCC_WARN_UNUSED_VARIABLE = YES;
				IPHONEOS_DEPLOYMENT_TARGET = 14.0;
				MTL_ENABLE_DEBUG_INFO = NO;
				MTL_FAST_MATH = YES;
				SDKROOT = iphoneos;
				SWIFT_COMPILATION_MODE = wholemodule;
				SWIFT_OPTIMIZATION_LEVEL = "-O";
				VALIDATE_PRODUCT = YES;
			};
			name = Release;
		};
		DD82235E251AD56D0057D7D3 /* Debug */ = {
			isa = XCBuildConfiguration;
			buildSettings = {
				ASSETCATALOG_COMPILER_APPICON_NAME = AppIcon;
				CODE_SIGN_STYLE = Automatic;
				DEVELOPMENT_ASSET_PATHS = "\"OrandaStore/Preview Content\"";
				DEVELOPMENT_TEAM = JJ355V2C99;
				ENABLE_PREVIEWS = YES;
				INFOPLIST_FILE = OrandaStore/Info.plist;
				LD_RUNPATH_SEARCH_PATHS = (
					"$(inherited)",
					"@executable_path/Frameworks",
				);
				PRODUCT_BUNDLE_IDENTIFIER = eca.OrandaStore;
				PRODUCT_NAME = "$(TARGET_NAME)";
				SWIFT_VERSION = 5.0;
				TARGETED_DEVICE_FAMILY = "1,2";
			};
			name = Debug;
		};
		DD82235F251AD56D0057D7D3 /* Release */ = {
			isa = XCBuildConfiguration;
			buildSettings = {
				ASSETCATALOG_COMPILER_APPICON_NAME = AppIcon;
				CODE_SIGN_STYLE = Automatic;
				DEVELOPMENT_ASSET_PATHS = "\"OrandaStore/Preview Content\"";
				DEVELOPMENT_TEAM = JJ355V2C99;
				ENABLE_PREVIEWS = YES;
				INFOPLIST_FILE = OrandaStore/Info.plist;
				LD_RUNPATH_SEARCH_PATHS = (
					"$(inherited)",
					"@executable_path/Frameworks",
				);
				PRODUCT_BUNDLE_IDENTIFIER = eca.OrandaStore;
				PRODUCT_NAME = "$(TARGET_NAME)";
				SWIFT_VERSION = 5.0;
				TARGETED_DEVICE_FAMILY = "1,2";
			};
			name = Release;
		};
/* End XCBuildConfiguration section */

/* Begin XCConfigurationList section */
		DD822344251AD56A0057D7D3 /* Build configuration list for PBXProject "OrandaStore" */ = {
			isa = XCConfigurationList;
			buildConfigurations = (
				DD82235B251AD56D0057D7D3 /* Debug */,
				DD82235C251AD56D0057D7D3 /* Release */,
			);
			defaultConfigurationIsVisible = 0;
			defaultConfigurationName = Release;
		};
		DD82235D251AD56D0057D7D3 /* Build configuration list for PBXNativeTarget "OrandaStore" */ = {
			isa = XCConfigurationList;
			buildConfigurations = (
				DD82235E251AD56D0057D7D3 /* Debug */,
				DD82235F251AD56D0057D7D3 /* Release */,
			);
			defaultConfigurationIsVisible = 0;
			defaultConfigurationName = Release;
		};
/* End XCConfigurationList section */
	};
	rootObject = DD822341251AD56A0057D7D3 /* Project object */;
}
